
Microsoft Visual Studio Solution File, Format Version 12.00
# Visual Studio Version 17
VisualStudioVersion = 17.2.32630.192
MinimumVisualStudioVersion = 10.0.40219.1
Project("{9A19103F-16F7-4668-BE54-9A1E7A4F7556}") = "MediaLibrary", "MediaLibrary\MediaLibrary.csproj", "{808EB7C8-8F58-40EC-A5F9-2753D5A534EF}"
EndProject
Global
	GlobalSection(SolutionConfigurationPlatforms) = preSolution
		Debug|Any CPU = Debug|Any CPU
		Release|Any CPU = Release|Any CPU
	EndGlobalSection
	GlobalSection(ProjectConfigurationPlatforms) = postSolution
		{808EB7C8-8F58-40EC-A5F9-2753D5A534EF}.Debug|Any CPU.ActiveCfg = Debug|Any CPU
		{808EB7C8-8F58-40EC-A5F9-2753D5A534EF}.Debug|Any CPU.Build.0 = Debug|Any CPU
		{808EB7C8-8F58-40EC-A5F9-2753D5A534EF}.Release|Any CPU.ActiveCfg = Release|Any CPU
		{808EB7C8-8F58-40EC-A5F9-2753D5A534EF}.Release|Any CPU.Build.0 = Release|Any CPU
	EndGlobalSection
	GlobalSection(SolutionProperties) = preSolution
		HideSolutionNode = FALSE
	EndGlobalSection
	GlobalSection(ExtensibilityGlobals) = postSolution
		SolutionGuid = {760CA70B-FF08-4C20-912B-26BD2390B6DC}
	EndGlobalSection
EndGlobal
